// !$*UTF8*$!
{
	archiveVersion = 1;
	classes = {
	};
	objectVersion = 46;
	objects = {

/* Begin PBXBuildFile section */
		7F02A01A1906182C004E9DDF /* Foundation.framework in Frameworks */ = {isa = PBXBuildFile; fileRef = 7F02A0191906182C004E9DDF /* Foundation.framework */; };
		7F02A01C1906182C004E9DDF /* CoreGraphics.framework in Frameworks */ = {isa = PBXBuildFile; fileRef = 7F02A01B1906182C004E9DDF /* CoreGraphics.framework */; };
		7F02A01E1906182C004E9DDF /* UIKit.framework in Frameworks */ = {isa = PBXBuildFile; fileRef = 7F02A01D1906182C004E9DDF /* UIKit.framework */; };
		7F02A0241906182C004E9DDF /* InfoPlist.strings in Resources */ = {isa = PBXBuildFile; fileRef = 7F02A0221906182C004E9DDF /* InfoPlist.strings */; };
		7F02A0261906182C004E9DDF /* main.m in Sources */ = {isa = PBXBuildFile; fileRef = 7F02A0251906182C004E9DDF /* main.m */; };
		7F02A02A1906182C004E9DDF /* TLBAppDelegate.m in Sources */ = {isa = PBXBuildFile; fileRef = 7F02A0291906182C004E9DDF /* TLBAppDelegate.m */; };
		7F02A02D1906182C004E9DDF /* Main.storyboard in Resources */ = {isa = PBXBuildFile; fileRef = 7F02A02B1906182C004E9DDF /* Main.storyboard */; };
		7F02A0301906182C004E9DDF /* TLBViewController.m in Sources */ = {isa = PBXBuildFile; fileRef = 7F02A02F1906182C004E9DDF /* TLBViewController.m */; };
		7F02A0321906182C004E9DDF /* Images.xcassets in Resources */ = {isa = PBXBuildFile; fileRef = 7F02A0311906182C004E9DDF /* Images.xcassets */; };
		7F02A0391906182C004E9DDF /* XCTest.framework in Frameworks */ = {isa = PBXBuildFile; fileRef = 7F02A0381906182C004E9DDF /* XCTest.framework */; };
		7F02A03A1906182C004E9DDF /* Foundation.framework in Frameworks */ = {isa = PBXBuildFile; fileRef = 7F02A0191906182C004E9DDF /* Foundation.framework */; };
		7F02A03B1906182C004E9DDF /* UIKit.framework in Frameworks */ = {isa = PBXBuildFile; fileRef = 7F02A01D1906182C004E9DDF /* UIKit.framework */; };
		7F02A06C19061846004E9DDF /* TLBKeyboardToolbarHelper.m in Sources */ = {isa = PBXBuildFile; fileRef = 7F02A05419061846004E9DDF /* TLBKeyboardToolbarHelper.m */; };
		7F02A06D19061846004E9DDF /* TLBKeyboardToolbarSegmentedControl.m in Sources */ = {isa = PBXBuildFile; fileRef = 7F02A05619061846004E9DDF /* TLBKeyboardToolbarSegmentedControl.m */; };
		7F02A06E19061846004E9DDF /* TLBKeyboardToolbarStandard.m in Sources */ = {isa = PBXBuildFile; fileRef = 7F02A05819061846004E9DDF /* TLBKeyboardToolbarStandard.m */; };
		7F02A06F19061846004E9DDF /* TLBKeyboardToolbarTextField.m in Sources */ = {isa = PBXBuildFile; fileRef = 7F02A05A19061846004E9DDF /* TLBKeyboardToolbarTextField.m */; };
		7F02A07019061846004E9DDF /* TLBKeyboardToolbar.xib in Resources */ = {isa = PBXBuildFile; fileRef = 7F02A05C19061846004E9DDF /* TLBKeyboardToolbar.xib */; };
		7F02A07119061846004E9DDF /* TLBPulldown.m in Sources */ = {isa = PBXBuildFile; fileRef = 7F02A06019061846004E9DDF /* TLBPulldown.m */; };
		7F02A07219061846004E9DDF /* TLBPulldownDatetimeViewController.m in Sources */ = {isa = PBXBuildFile; fileRef = 7F02A06219061846004E9DDF /* TLBPulldownDatetimeViewController.m */; };
		7F02A07319061846004E9DDF /* TLBPulldownSegmentedControl.m in Sources */ = {isa = PBXBuildFile; fileRef = 7F02A06419061846004E9DDF /* TLBPulldownSegmentedControl.m */; };
		7F02A07419061846004E9DDF /* TLBPulldownViewController.m in Sources */ = {isa = PBXBuildFile; fileRef = 7F02A06619061846004E9DDF /* TLBPulldownViewController.m */; };
		7F02A07519061846004E9DDF /* TLBPulldownDatetimeViewController_iPhone.xib in Resources */ = {isa = PBXBuildFile; fileRef = 7F02A06819061846004E9DDF /* TLBPulldownDatetimeViewController_iPhone.xib */; };
		7F02A07619061846004E9DDF /* TLBPulldownDatetimeViewController_iPhone5.xib in Resources */ = {isa = PBXBuildFile; fileRef = 7F02A06919061846004E9DDF /* TLBPulldownDatetimeViewController_iPhone5.xib */; };
		7F02A07719061846004E9DDF /* TLBPulldownViewController_iPhone.xib in Resources */ = {isa = PBXBuildFile; fileRef = 7F02A06A19061846004E9DDF /* TLBPulldownViewController_iPhone.xib */; };
		7F02A07819061846004E9DDF /* TLBPulldownViewController_iPhone5.xib in Resources */ = {isa = PBXBuildFile; fileRef = 7F02A06B19061846004E9DDF /* TLBPulldownViewController_iPhone5.xib */; };
		7F8976091913990300F3AB53 /* UIColor+HexValue.m in Sources */ = {isa = PBXBuildFile; fileRef = 7F8976081913990300F3AB53 /* UIColor+HexValue.m */; };
/* End PBXBuildFile section */

/* Begin PBXContainerItemProxy section */
		7F02A03C1906182C004E9DDF /* PBXContainerItemProxy */ = {
			isa = PBXContainerItemProxy;
			containerPortal = 7F02A00E1906182C004E9DDF /* Project object */;
			proxyType = 1;
			remoteGlobalIDString = 7F02A0151906182C004E9DDF;
			remoteInfo = "ios-support-demo";
		};
/* End PBXContainerItemProxy section */

/* Begin PBXFileReference section */
		7F02A0161906182C004E9DDF /* ios-support-demo.app */ = {isa = PBXFileReference; explicitFileType = wrapper.application; includeInIndex = 0; path = "ios-support-demo.app"; sourceTree = BUILT_PRODUCTS_DIR; };
		7F02A0191906182C004E9DDF /* Foundation.framework */ = {isa = PBXFileReference; lastKnownFileType = wrapper.framework; name = Foundation.framework; path = System/Library/Frameworks/Foundation.framework; sourceTree = SDKROOT; };
		7F02A01B1906182C004E9DDF /* CoreGraphics.framework */ = {isa = PBXFileReference; lastKnownFileType = wrapper.framework; name = CoreGraphics.framework; path = System/Library/Frameworks/CoreGraphics.framework; sourceTree = SDKROOT; };
		7F02A01D1906182C004E9DDF /* UIKit.framework */ = {isa = PBXFileReference; lastKnownFileType = wrapper.framework; name = UIKit.framework; path = System/Library/Frameworks/UIKit.framework; sourceTree = SDKROOT; };
		7F02A0211906182C004E9DDF /* ios-support-demo-Info.plist */ = {isa = PBXFileReference; lastKnownFileType = text.plist.xml; path = "ios-support-demo-Info.plist"; sourceTree = "<group>"; };
		7F02A0231906182C004E9DDF /* en */ = {isa = PBXFileReference; lastKnownFileType = text.plist.strings; name = en; path = en.lproj/InfoPlist.strings; sourceTree = "<group>"; };
		7F02A0251906182C004E9DDF /* main.m */ = {isa = PBXFileReference; lastKnownFileType = sourcecode.c.objc; path = main.m; sourceTree = "<group>"; };
		7F02A0271906182C004E9DDF /* ios-support-demo-Prefix.pch */ = {isa = PBXFileReference; lastKnownFileType = sourcecode.c.h; path = "ios-support-demo-Prefix.pch"; sourceTree = "<group>"; };
		7F02A0281906182C004E9DDF /* TLBAppDelegate.h */ = {isa = PBXFileReference; lastKnownFileType = sourcecode.c.h; path = TLBAppDelegate.h; sourceTree = "<group>"; };
		7F02A0291906182C004E9DDF /* TLBAppDelegate.m */ = {isa = PBXFileReference; lastKnownFileType = sourcecode.c.objc; path = TLBAppDelegate.m; sourceTree = "<group>"; };
		7F02A02C1906182C004E9DDF /* Base */ = {isa = PBXFileReference; lastKnownFileType = file.storyboard; name = Base; path = Base.lproj/Main.storyboard; sourceTree = "<group>"; };
		7F02A02E1906182C004E9DDF /* TLBViewController.h */ = {isa = PBXFileReference; lastKnownFileType = sourcecode.c.h; path = TLBViewController.h; sourceTree = "<group>"; };
		7F02A02F1906182C004E9DDF /* TLBViewController.m */ = {isa = PBXFileReference; lastKnownFileType = sourcecode.c.objc; path = TLBViewController.m; sourceTree = "<group>"; };
		7F02A0311906182C004E9DDF /* Images.xcassets */ = {isa = PBXFileReference; lastKnownFileType = folder.assetcatalog; path = Images.xcassets; sourceTree = "<group>"; };
		7F02A0371906182C004E9DDF /* ios-support-demoTests.xctest */ = {isa = PBXFileReference; explicitFileType = wrapper.cfbundle; includeInIndex = 0; path = "ios-support-demoTests.xctest"; sourceTree = BUILT_PRODUCTS_DIR; };
		7F02A0381906182C004E9DDF /* XCTest.framework */ = {isa = PBXFileReference; lastKnownFileType = wrapper.framework; name = XCTest.framework; path = Library/Frameworks/XCTest.framework; sourceTree = DEVELOPER_DIR; };
		7F02A05019061846004E9DDF /* ios-support.h */ = {isa = PBXFileReference; fileEncoding = 4; lastKnownFileType = sourcecode.c.h; path = "ios-support.h"; sourceTree = "<group>"; };
		7F02A05319061846004E9DDF /* TLBKeyboardToolbarHelper.h */ = {isa = PBXFileReference; fileEncoding = 4; lastKnownFileType = sourcecode.c.h; path = TLBKeyboardToolbarHelper.h; sourceTree = "<group>"; };
		7F02A05419061846004E9DDF /* TLBKeyboardToolbarHelper.m */ = {isa = PBXFileReference; fileEncoding = 4; lastKnownFileType = sourcecode.c.objc; path = TLBKeyboardToolbarHelper.m; sourceTree = "<group>"; };
		7F02A05519061846004E9DDF /* TLBKeyboardToolbarSegmentedControl.h */ = {isa = PBXFileReference; fileEncoding = 4; lastKnownFileType = sourcecode.c.h; path = TLBKeyboardToolbarSegmentedControl.h; sourceTree = "<group>"; };
		7F02A05619061846004E9DDF /* TLBKeyboardToolbarSegmentedControl.m */ = {isa = PBXFileReference; fileEncoding = 4; lastKnownFileType = sourcecode.c.objc; path = TLBKeyboardToolbarSegmentedControl.m; sourceTree = "<group>"; };
		7F02A05719061846004E9DDF /* TLBKeyboardToolbarStandard.h */ = {isa = PBXFileReference; fileEncoding = 4; lastKnownFileType = sourcecode.c.h; path = TLBKeyboardToolbarStandard.h; sourceTree = "<group>"; };
		7F02A05819061846004E9DDF /* TLBKeyboardToolbarStandard.m */ = {isa = PBXFileReference; fileEncoding = 4; lastKnownFileType = sourcecode.c.objc; path = TLBKeyboardToolbarStandard.m; sourceTree = "<group>"; };
		7F02A05919061846004E9DDF /* TLBKeyboardToolbarTextField.h */ = {isa = PBXFileReference; fileEncoding = 4; lastKnownFileType = sourcecode.c.h; path = TLBKeyboardToolbarTextField.h; sourceTree = "<group>"; };
		7F02A05A19061846004E9DDF /* TLBKeyboardToolbarTextField.m */ = {isa = PBXFileReference; fileEncoding = 4; lastKnownFileType = sourcecode.c.objc; path = TLBKeyboardToolbarTextField.m; sourceTree = "<group>"; };
		7F02A05C19061846004E9DDF /* TLBKeyboardToolbar.xib */ = {isa = PBXFileReference; fileEncoding = 4; lastKnownFileType = file.xib; path = TLBKeyboardToolbar.xib; sourceTree = "<group>"; };
		7F02A05F19061846004E9DDF /* TLBPulldown.h */ = {isa = PBXFileReference; fileEncoding = 4; lastKnownFileType = sourcecode.c.h; path = TLBPulldown.h; sourceTree = "<group>"; };
		7F02A06019061846004E9DDF /* TLBPulldown.m */ = {isa = PBXFileReference; fileEncoding = 4; lastKnownFileType = sourcecode.c.objc; path = TLBPulldown.m; sourceTree = "<group>"; };
		7F02A06119061846004E9DDF /* TLBPulldownDatetimeViewController.h */ = {isa = PBXFileReference; fileEncoding = 4; lastKnownFileType = sourcecode.c.h; path = TLBPulldownDatetimeViewController.h; sourceTree = "<group>"; };
		7F02A06219061846004E9DDF /* TLBPulldownDatetimeViewController.m */ = {isa = PBXFileReference; fileEncoding = 4; lastKnownFileType = sourcecode.c.objc; path = TLBPulldownDatetimeViewController.m; sourceTree = "<group>"; };
		7F02A06319061846004E9DDF /* TLBPulldownSegmentedControl.h */ = {isa = PBXFileReference; fileEncoding = 4; lastKnownFileType = sourcecode.c.h; path = TLBPulldownSegmentedControl.h; sourceTree = "<group>"; };
		7F02A06419061846004E9DDF /* TLBPulldownSegmentedControl.m */ = {isa = PBXFileReference; fileEncoding = 4; lastKnownFileType = sourcecode.c.objc; path = TLBPulldownSegmentedControl.m; sourceTree = "<group>"; };
		7F02A06519061846004E9DDF /* TLBPulldownViewController.h */ = {isa = PBXFileReference; fileEncoding = 4; lastKnownFileType = sourcecode.c.h; path = TLBPulldownViewController.h; sourceTree = "<group>"; };
		7F02A06619061846004E9DDF /* TLBPulldownViewController.m */ = {isa = PBXFileReference; fileEncoding = 4; lastKnownFileType = sourcecode.c.objc; path = TLBPulldownViewController.m; sourceTree = "<group>"; };
		7F02A06819061846004E9DDF /* TLBPulldownDatetimeViewController_iPhone.xib */ = {isa = PBXFileReference; fileEncoding = 4; lastKnownFileType = file.xib; path = TLBPulldownDatetimeViewController_iPhone.xib; sourceTree = "<group>"; };
		7F02A06919061846004E9DDF /* TLBPulldownDatetimeViewController_iPhone5.xib */ = {isa = PBXFileReference; fileEncoding = 4; lastKnownFileType = file.xib; path = TLBPulldownDatetimeViewController_iPhone5.xib; sourceTree = "<group>"; };
		7F02A06A19061846004E9DDF /* TLBPulldownViewController_iPhone.xib */ = {isa = PBXFileReference; fileEncoding = 4; lastKnownFileType = file.xib; path = TLBPulldownViewController_iPhone.xib; sourceTree = "<group>"; };
		7F02A06B19061846004E9DDF /* TLBPulldownViewController_iPhone5.xib */ = {isa = PBXFileReference; fileEncoding = 4; lastKnownFileType = file.xib; path = TLBPulldownViewController_iPhone5.xib; sourceTree = "<group>"; };
		7F8976071913990300F3AB53 /* UIColor+HexValue.h */ = {isa = PBXFileReference; fileEncoding = 4; lastKnownFileType = sourcecode.c.h; path = "UIColor+HexValue.h"; sourceTree = "<group>"; };
		7F8976081913990300F3AB53 /* UIColor+HexValue.m */ = {isa = PBXFileReference; fileEncoding = 4; lastKnownFileType = sourcecode.c.objc; path = "UIColor+HexValue.m"; sourceTree = "<group>"; };
/* End PBXFileReference section */

/* Begin PBXFrameworksBuildPhase section */
		7F02A0131906182C004E9DDF /* Frameworks */ = {
			isa = PBXFrameworksBuildPhase;
			buildActionMask = 2147483647;
			files = (
				7F02A01C1906182C004E9DDF /* CoreGraphics.framework in Frameworks */,
				7F02A01E1906182C004E9DDF /* UIKit.framework in Frameworks */,
				7F02A01A1906182C004E9DDF /* Foundation.framework in Frameworks */,
			);
			runOnlyForDeploymentPostprocessing = 0;
		};
		7F02A0341906182C004E9DDF /* Frameworks */ = {
			isa = PBXFrameworksBuildPhase;
			buildActionMask = 2147483647;
			files = (
				7F02A0391906182C004E9DDF /* XCTest.framework in Frameworks */,
				7F02A03B1906182C004E9DDF /* UIKit.framework in Frameworks */,
				7F02A03A1906182C004E9DDF /* Foundation.framework in Frameworks */,
			);
			runOnlyForDeploymentPostprocessing = 0;
		};
/* End PBXFrameworksBuildPhase section */

/* Begin PBXGroup section */
		7F02A00D1906182C004E9DDF = {
			isa = PBXGroup;
			children = (
				7F02A04E19061846004E9DDF /* Classes */,
				7F02A01F1906182C004E9DDF /* ios-support-demo */,
				7F02A0181906182C004E9DDF /* Frameworks */,
				7F02A0171906182C004E9DDF /* Products */,
			);
			sourceTree = "<group>";
		};
		7F02A0171906182C004E9DDF /* Products */ = {
			isa = PBXGroup;
			children = (
				7F02A0161906182C004E9DDF /* ios-support-demo.app */,
				7F02A0371906182C004E9DDF /* ios-support-demoTests.xctest */,
			);
			name = Products;
			sourceTree = "<group>";
		};
		7F02A0181906182C004E9DDF /* Frameworks */ = {
			isa = PBXGroup;
			children = (
				7F02A0191906182C004E9DDF /* Foundation.framework */,
				7F02A01B1906182C004E9DDF /* CoreGraphics.framework */,
				7F02A01D1906182C004E9DDF /* UIKit.framework */,
				7F02A0381906182C004E9DDF /* XCTest.framework */,
			);
			name = Frameworks;
			sourceTree = "<group>";
		};
		7F02A01F1906182C004E9DDF /* ios-support-demo */ = {
			isa = PBXGroup;
			children = (
				7F02A0281906182C004E9DDF /* TLBAppDelegate.h */,
				7F02A0291906182C004E9DDF /* TLBAppDelegate.m */,
				7F02A02B1906182C004E9DDF /* Main.storyboard */,
				7F02A02E1906182C004E9DDF /* TLBViewController.h */,
				7F02A02F1906182C004E9DDF /* TLBViewController.m */,
				7F02A0311906182C004E9DDF /* Images.xcassets */,
				7F02A0201906182C004E9DDF /* Supporting Files */,
			);
			path = "ios-support-demo";
			sourceTree = "<group>";
		};
		7F02A0201906182C004E9DDF /* Supporting Files */ = {
			isa = PBXGroup;
			children = (
				7F02A0211906182C004E9DDF /* ios-support-demo-Info.plist */,
				7F02A0221906182C004E9DDF /* InfoPlist.strings */,
				7F02A0251906182C004E9DDF /* main.m */,
				7F02A0271906182C004E9DDF /* ios-support-demo-Prefix.pch */,
			);
			name = "Supporting Files";
			sourceTree = "<group>";
		};
		7F02A04E19061846004E9DDF /* Classes */ = {
			isa = PBXGroup;
			children = (
				7F02A04F19061846004E9DDF /* ios */,
			);
			name = Classes;
			path = ../Classes;
			sourceTree = "<group>";
		};
		7F02A04F19061846004E9DDF /* ios */ = {
			isa = PBXGroup;
			children = (
				7F02A05019061846004E9DDF /* ios-support.h */,
				7F8976051913990300F3AB53 /* Category */,
				7F02A05119061846004E9DDF /* KeyboardUtils */,
				7F02A05D19061846004E9DDF /* PulldownUtils */,
			);
			path = ios;
			sourceTree = "<group>";
		};
		7F02A05119061846004E9DDF /* KeyboardUtils */ = {
			isa = PBXGroup;
			children = (
				7F02A05219061846004E9DDF /* Controllers */,
				7F02A05B19061846004E9DDF /* Views */,
			);
			path = KeyboardUtils;
			sourceTree = "<group>";
		};
		7F02A05219061846004E9DDF /* Controllers */ = {
			isa = PBXGroup;
			children = (
				7F02A05319061846004E9DDF /* TLBKeyboardToolbarHelper.h */,
				7F02A05419061846004E9DDF /* TLBKeyboardToolbarHelper.m */,
				7F02A05519061846004E9DDF /* TLBKeyboardToolbarSegmentedControl.h */,
				7F02A05619061846004E9DDF /* TLBKeyboardToolbarSegmentedControl.m */,
				7F02A05719061846004E9DDF /* TLBKeyboardToolbarStandard.h */,
				7F02A05819061846004E9DDF /* TLBKeyboardToolbarStandard.m */,
				7F02A05919061846004E9DDF /* TLBKeyboardToolbarTextField.h */,
				7F02A05A19061846004E9DDF /* TLBKeyboardToolbarTextField.m */,
			);
			path = Controllers;
			sourceTree = "<group>";
		};
		7F02A05B19061846004E9DDF /* Views */ = {
			isa = PBXGroup;
			children = (
				7F02A05C19061846004E9DDF /* TLBKeyboardToolbar.xib */,
			);
			path = Views;
			sourceTree = "<group>";
		};
		7F02A05D19061846004E9DDF /* PulldownUtils */ = {
			isa = PBXGroup;
			children = (
				7F02A05E19061846004E9DDF /* Controllers */,
				7F02A06719061846004E9DDF /* Views */,
			);
			path = PulldownUtils;
			sourceTree = "<group>";
		};
		7F02A05E19061846004E9DDF /* Controllers */ = {
			isa = PBXGroup;
			children = (
				7F02A05F19061846004E9DDF /* TLBPulldown.h */,
				7F02A06019061846004E9DDF /* TLBPulldown.m */,
				7F02A06119061846004E9DDF /* TLBPulldownDatetimeViewController.h */,
				7F02A06219061846004E9DDF /* TLBPulldownDatetimeViewController.m */,
				7F02A06319061846004E9DDF /* TLBPulldownSegmentedControl.h */,
				7F02A06419061846004E9DDF /* TLBPulldownSegmentedControl.m */,
				7F02A06519061846004E9DDF /* TLBPulldownViewController.h */,
				7F02A06619061846004E9DDF /* TLBPulldownViewController.m */,
			);
			path = Controllers;
			sourceTree = "<group>";
		};
		7F02A06719061846004E9DDF /* Views */ = {
			isa = PBXGroup;
			children = (
				7F02A06819061846004E9DDF /* TLBPulldownDatetimeViewController_iPhone.xib */,
				7F02A06919061846004E9DDF /* TLBPulldownDatetimeViewController_iPhone5.xib */,
				7F02A06A19061846004E9DDF /* TLBPulldownViewController_iPhone.xib */,
				7F02A06B19061846004E9DDF /* TLBPulldownViewController_iPhone5.xib */,
			);
			path = Views;
			sourceTree = "<group>";
		};
		7F8976051913990300F3AB53 /* Category */ = {
			isa = PBXGroup;
			children = (
				7F8976061913990300F3AB53 /* UIColor+HexValue */,
			);
			path = Category;
			sourceTree = "<group>";
		};
		7F8976061913990300F3AB53 /* UIColor+HexValue */ = {
			isa = PBXGroup;
			children = (
				7F8976071913990300F3AB53 /* UIColor+HexValue.h */,
				7F8976081913990300F3AB53 /* UIColor+HexValue.m */,
			);
			path = "UIColor+HexValue";
			sourceTree = "<group>";
		};
/* End PBXGroup section */

/* Begin PBXNativeTarget section */
		7F02A0151906182C004E9DDF /* ios-support-demo */ = {
			isa = PBXNativeTarget;
			buildConfigurationList = 7F02A0481906182C004E9DDF /* Build configuration list for PBXNativeTarget "ios-support-demo" */;
			buildPhases = (
				7F02A0121906182C004E9DDF /* Sources */,
				7F02A0131906182C004E9DDF /* Frameworks */,
				7F02A0141906182C004E9DDF /* Resources */,
			);
			buildRules = (
			);
			dependencies = (
			);
			name = "ios-support-demo";
			productName = "ios-support-demo";
			productReference = 7F02A0161906182C004E9DDF /* ios-support-demo.app */;
			productType = "com.apple.product-type.application";
		};
		7F02A0361906182C004E9DDF /* ios-support-demoTests */ = {
			isa = PBXNativeTarget;
			buildConfigurationList = 7F02A04B1906182C004E9DDF /* Build configuration list for PBXNativeTarget "ios-support-demoTests" */;
			buildPhases = (
				7F02A0331906182C004E9DDF /* Sources */,
				7F02A0341906182C004E9DDF /* Frameworks */,
				7F02A0351906182C004E9DDF /* Resources */,
			);
			buildRules = (
			);
			dependencies = (
				7F02A03D1906182C004E9DDF /* PBXTargetDependency */,
			);
			name = "ios-support-demoTests";
			productName = "ios-support-demoTests";
			productReference = 7F02A0371906182C004E9DDF /* ios-support-demoTests.xctest */;
			productType = "com.apple.product-type.bundle.unit-test";
		};
/* End PBXNativeTarget section */

/* Begin PBXProject section */
		7F02A00E1906182C004E9DDF /* Project object */ = {
			isa = PBXProject;
			attributes = {
				CLASSPREFIX = TLB;
				LastUpgradeCheck = 0510;
				ORGANIZATIONNAME = "teamLab Inc.";
				TargetAttributes = {
					7F02A0361906182C004E9DDF = {
						TestTargetID = 7F02A0151906182C004E9DDF;
					};
				};
			};
			buildConfigurationList = 7F02A0111906182C004E9DDF /* Build configuration list for PBXProject "ios-support-demo" */;
			compatibilityVersion = "Xcode 3.2";
			developmentRegion = English;
			hasScannedForEncodings = 0;
			knownRegions = (
				en,
				Base,
			);
			mainGroup = 7F02A00D1906182C004E9DDF;
			productRefGroup = 7F02A0171906182C004E9DDF /* Products */;
			projectDirPath = "";
			projectRoot = "";
			targets = (
				7F02A0151906182C004E9DDF /* ios-support-demo */,
				7F02A0361906182C004E9DDF /* ios-support-demoTests */,
			);
		};
/* End PBXProject section */

/* Begin PBXResourcesBuildPhase section */
		7F02A0141906182C004E9DDF /* Resources */ = {
			isa = PBXResourcesBuildPhase;
			buildActionMask = 2147483647;
			files = (
				7F02A07719061846004E9DDF /* TLBPulldownViewController_iPhone.xib in Resources */,
				7F02A0321906182C004E9DDF /* Images.xcassets in Resources */,
				7F02A07019061846004E9DDF /* TLBKeyboardToolbar.xib in Resources */,
				7F02A07819061846004E9DDF /* TLBPulldownViewController_iPhone5.xib in Resources */,
				7F02A07619061846004E9DDF /* TLBPulldownDatetimeViewController_iPhone5.xib in Resources */,
				7F02A0241906182C004E9DDF /* InfoPlist.strings in Resources */,
				7F02A02D1906182C004E9DDF /* Main.storyboard in Resources */,
				7F02A07519061846004E9DDF /* TLBPulldownDatetimeViewController_iPhone.xib in Resources */,
			);
			runOnlyForDeploymentPostprocessing = 0;
		};
		7F02A0351906182C004E9DDF /* Resources */ = {
			isa = PBXResourcesBuildPhase;
			buildActionMask = 2147483647;
			files = (
			);
			runOnlyForDeploymentPostprocessing = 0;
		};
/* End PBXResourcesBuildPhase section */

/* Begin PBXSourcesBuildPhase section */
		7F02A0121906182C004E9DDF /* Sources */ = {
			isa = PBXSourcesBuildPhase;
			buildActionMask = 2147483647;
			files = (
				7F02A06E19061846004E9DDF /* TLBKeyboardToolbarStandard.m in Sources */,
				7F02A0261906182C004E9DDF /* main.m in Sources */,
				7F02A07319061846004E9DDF /* TLBPulldownSegmentedControl.m in Sources */,
				7F8976091913990300F3AB53 /* UIColor+HexValue.m in Sources */,
				7F02A06F19061846004E9DDF /* TLBKeyboardToolbarTextField.m in Sources */,
				7F02A0301906182C004E9DDF /* TLBViewController.m in Sources */,
				7F02A07219061846004E9DDF /* TLBPulldownDatetimeViewController.m in Sources */,
				7F02A07419061846004E9DDF /* TLBPulldownViewController.m in Sources */,
				7F02A06D19061846004E9DDF /* TLBKeyboardToolbarSegmentedControl.m in Sources */,
				7F02A02A1906182C004E9DDF /* TLBAppDelegate.m in Sources */,
				7F02A06C19061846004E9DDF /* TLBKeyboardToolbarHelper.m in Sources */,
				7F02A07119061846004E9DDF /* TLBPulldown.m in Sources */,
			);
			runOnlyForDeploymentPostprocessing = 0;
		};
		7F02A0331906182C004E9DDF /* Sources */ = {
			isa = PBXSourcesBuildPhase;
			buildActionMask = 2147483647;
			files = (
			);
			runOnlyForDeploymentPostprocessing = 0;
		};
/* End PBXSourcesBuildPhase section */

/* Begin PBXTargetDependency section */
		7F02A03D1906182C004E9DDF /* PBXTargetDependency */ = {
			isa = PBXTargetDependency;
			target = 7F02A0151906182C004E9DDF /* ios-support-demo */;
			targetProxy = 7F02A03C1906182C004E9DDF /* PBXContainerItemProxy */;
		};
/* End PBXTargetDependency section */

/* Begin PBXVariantGroup section */
		7F02A0221906182C004E9DDF /* InfoPlist.strings */ = {
			isa = PBXVariantGroup;
			children = (
				7F02A0231906182C004E9DDF /* en */,
			);
			name = InfoPlist.strings;
			sourceTree = "<group>";
		};
		7F02A02B1906182C004E9DDF /* Main.storyboard */ = {
			isa = PBXVariantGroup;
			children = (
				7F02A02C1906182C004E9DDF /* Base */,
			);
			name = Main.storyboard;
			sourceTree = "<group>";
		};
/* End PBXVariantGroup section */

/* Begin XCBuildConfiguration section */
		7F02A0461906182C004E9DDF /* Debug */ = {
			isa = XCBuildConfiguration;
			buildSettings = {
				ALWAYS_SEARCH_USER_PATHS = NO;
				CLANG_CXX_LANGUAGE_STANDARD = "gnu++0x";
				CLANG_CXX_LIBRARY = "libc++";
				CLANG_ENABLE_MODULES = YES;
				CLANG_ENABLE_OBJC_ARC = YES;
				CLANG_WARN_BOOL_CONVERSION = YES;
				CLANG_WARN_CONSTANT_CONVERSION = YES;
				CLANG_WARN_DIRECT_OBJC_ISA_USAGE = YES_ERROR;
				CLANG_WARN_EMPTY_BODY = YES;
				CLANG_WARN_ENUM_CONVERSION = YES;
				CLANG_WARN_INT_CONVERSION = YES;
				CLANG_WARN_OBJC_ROOT_CLASS = YES_ERROR;
				CLANG_WARN__DUPLICATE_METHOD_MATCH = YES;
				"CODE_SIGN_IDENTITY[sdk=iphoneos*]" = "iPhone Developer";
				COPY_PHASE_STRIP = NO;
				GCC_C_LANGUAGE_STANDARD = gnu99;
				GCC_DYNAMIC_NO_PIC = NO;
				GCC_OPTIMIZATION_LEVEL = 0;
				GCC_PREPROCESSOR_DEFINITIONS = (
					"DEBUG=1",
					"$(inherited)",
				);
				GCC_SYMBOLS_PRIVATE_EXTERN = NO;
				GCC_WARN_64_TO_32_BIT_CONVERSION = YES;
				GCC_WARN_ABOUT_RETURN_TYPE = YES_ERROR;
				GCC_WARN_UNDECLARED_SELECTOR = YES;
				GCC_WARN_UNINITIALIZED_AUTOS = YES_AGGRESSIVE;
				GCC_WARN_UNUSED_FUNCTION = YES;
				GCC_WARN_UNUSED_VARIABLE = YES;
				IPHONEOS_DEPLOYMENT_TARGET = 7.1;
				ONLY_ACTIVE_ARCH = YES;
				SDKROOT = iphoneos;
			};
			name = Debug;
		};
		7F02A0471906182C004E9DDF /* Release */ = {
			isa = XCBuildConfiguration;
			buildSettings = {
				ALWAYS_SEARCH_USER_PATHS = NO;
				CLANG_CXX_LANGUAGE_STANDARD = "gnu++0x";
				CLANG_CXX_LIBRARY = "libc++";
				CLANG_ENABLE_MODULES = YES;
				CLANG_ENABLE_OBJC_ARC = YES;
				CLANG_WARN_BOOL_CONVERSION = YES;
				CLANG_WARN_CONSTANT_CONVERSION = YES;
				CLANG_WARN_DIRECT_OBJC_ISA_USAGE = YES_ERROR;
				CLANG_WARN_EMPTY_BODY = YES;
				CLANG_WARN_ENUM_CONVERSION = YES;
				CLANG_WARN_INT_CONVERSION = YES;
				CLANG_WARN_OBJC_ROOT_CLASS = YES_ERROR;
				CLANG_WARN__DUPLICATE_METHOD_MATCH = YES;
				"CODE_SIGN_IDENTITY[sdk=iphoneos*]" = "iPhone Developer";
				COPY_PHASE_STRIP = YES;
				ENABLE_NS_ASSERTIONS = NO;
				GCC_C_LANGUAGE_STANDARD = gnu99;
				GCC_WARN_64_TO_32_BIT_CONVERSION = YES;
				GCC_WARN_ABOUT_RETURN_TYPE = YES_ERROR;
				GCC_WARN_UNDECLARED_SELECTOR = YES;
				GCC_WARN_UNINITIALIZED_AUTOS = YES_AGGRESSIVE;
				GCC_WARN_UNUSED_FUNCTION = YES;
				GCC_WARN_UNUSED_VARIABLE = YES;
				IPHONEOS_DEPLOYMENT_TARGET = 7.1;
				SDKROOT = iphoneos;
				VALIDATE_PRODUCT = YES;
			};
			name = Release;
		};
		7F02A0491906182C004E9DDF /* Debug */ = {
			isa = XCBuildConfiguration;
			buildSettings = {
				ASSETCATALOG_COMPILER_APPICON_NAME = AppIcon;
				ASSETCATALOG_COMPILER_LAUNCHIMAGE_NAME = LaunchImage;
				GCC_PRECOMPILE_PREFIX_HEADER = YES;
				GCC_PREFIX_HEADER = "ios-support-demo/ios-support-demo-Prefix.pch";
				INFOPLIST_FILE = "ios-support-demo/ios-support-demo-Info.plist";
				PRODUCT_NAME = "$(TARGET_NAME)";
				WRAPPER_EXTENSION = app;
			};
			name = Debug;
		};
		7F02A04A1906182C004E9DDF /* Release */ = {
			isa = XCBuildConfiguration;
			buildSettings = {
				ASSETCATALOG_COMPILER_APPICON_NAME = AppIcon;
				ASSETCATALOG_COMPILER_LAUNCHIMAGE_NAME = LaunchImage;
				GCC_PRECOMPILE_PREFIX_HEADER = YES;
				GCC_PREFIX_HEADER = "ios-support-demo/ios-support-demo-Prefix.pch";
				INFOPLIST_FILE = "ios-support-demo/ios-support-demo-Info.plist";
				PRODUCT_NAME = "$(TARGET_NAME)";
				WRAPPER_EXTENSION = app;
			};
			name = Release;
		};
		7F02A04C1906182C004E9DDF /* Debug */ = {
			isa = XCBuildConfiguration;
			buildSettings = {
				BUNDLE_LOADER = "$(BUILT_PRODUCTS_DIR)/ios-support-demo.app/ios-support-demo";
				FRAMEWORK_SEARCH_PATHS = (
					"$(SDKROOT)/Developer/Library/Frameworks",
					"$(inherited)",
					"$(DEVELOPER_FRAMEWORKS_DIR)",
				);
				GCC_PRECOMPILE_PREFIX_HEADER = YES;
				GCC_PREFIX_HEADER = "ios-support-demo/ios-support-demo-Prefix.pch";
				GCC_PREPROCESSOR_DEFINITIONS = (
					"DEBUG=1",
					"$(inherited)",
				);
				INFOPLIST_FILE = "ios-support-demoTests/ios-support-demoTests-Info.plist";
				PRODUCT_NAME = "$(TARGET_NAME)";
				TEST_HOST = "$(BUNDLE_LOADER)";
				WRAPPER_EXTENSION = xctest;
			};
			name = Debug;
		};
		7F02A04D1906182C004E9DDF /* Release */ = {
			isa = XCBuildConfiguration;
			buildSettings = {
				BUNDLE_LOADER = "$(BUILT_PRODUCTS_DIR)/ios-support-demo.app/ios-support-demo";
				FRAMEWORK_SEARCH_PATHS = (
					"$(SDKROOT)/Developer/Library/Frameworks",
					"$(inherited)",
					"$(DEVELOPER_FRAMEWORKS_DIR)",
				);
				GCC_PRECOMPILE_PREFIX_HEADER = YES;
				GCC_PREFIX_HEADER = "ios-support-demo/ios-support-demo-Prefix.pch";
				INFOPLIST_FILE = "ios-support-demoTests/ios-support-demoTests-Info.plist";
				PRODUCT_NAME = "$(TARGET_NAME)";
				TEST_HOST = "$(BUNDLE_LOADER)";
				WRAPPER_EXTENSION = xctest;
			};
			name = Release;
		};
/* End XCBuildConfiguration section */

/* Begin XCConfigurationList section */
		7F02A0111906182C004E9DDF /* Build configuration list for PBXProject "ios-support-demo" */ = {
			isa = XCConfigurationList;
			buildConfigurations = (
				7F02A0461906182C004E9DDF /* Debug */,
				7F02A0471906182C004E9DDF /* Release */,
			);
			defaultConfigurationIsVisible = 0;
			defaultConfigurationName = Release;
		};
		7F02A0481906182C004E9DDF /* Build configuration list for PBXNativeTarget "ios-support-demo" */ = {
			isa = XCConfigurationList;
			buildConfigurations = (
				7F02A0491906182C004E9DDF /* Debug */,
				7F02A04A1906182C004E9DDF /* Release */,
			);
			defaultConfigurationIsVisible = 0;
			defaultConfigurationName = Release;
		};
		7F02A04B1906182C004E9DDF /* Build configuration list for PBXNativeTarget "ios-support-demoTests" */ = {
			isa = XCConfigurationList;
			buildConfigurations = (
				7F02A04C1906182C004E9DDF /* Debug */,
				7F02A04D1906182C004E9DDF /* Release */,
			);
			defaultConfigurationIsVisible = 0;
			defaultConfigurationName = Release;
		};
/* End XCConfigurationList section */
	};
	rootObject = 7F02A00E1906182C004E9DDF /* Project object */;
}
